// !$*UTF8*$!
{
	archiveVersion = 1;
	classes = {
	};
	objectVersion = 48;
	objects = {

/* Begin PBXBuildFile section */
		DE91EDBA205942820092A6E2 /* StatsAndMetrics.swift in Sources */ = {isa = PBXBuildFile; fileRef = DE91EDB9205942820092A6E2 /* StatsAndMetrics.swift */; };
		DEF6E219204EDED800100836 /* AppDelegate.swift in Sources */ = {isa = PBXBuildFile; fileRef = DEF6E218204EDED800100836 /* AppDelegate.swift */; };
		DEF6E21B204EDED800100836 /* FirstViewController.swift in Sources */ = {isa = PBXBuildFile; fileRef = DEF6E21A204EDED800100836 /* FirstViewController.swift */; };
		DEF6E21D204EDED800100836 /* SecondViewController.swift in Sources */ = {isa = PBXBuildFile; fileRef = DEF6E21C204EDED800100836 /* SecondViewController.swift */; };
		DEF6E220204EDED800100836 /* Main.storyboard in Resources */ = {isa = PBXBuildFile; fileRef = DEF6E21E204EDED800100836 /* Main.storyboard */; };
		DEF6E222204EDED800100836 /* Assets.xcassets in Resources */ = {isa = PBXBuildFile; fileRef = DEF6E221204EDED800100836 /* Assets.xcassets */; };
		DEF6E225204EDED800100836 /* LaunchScreen.storyboard in Resources */ = {isa = PBXBuildFile; fileRef = DEF6E223204EDED800100836 /* LaunchScreen.storyboard */; };
		DEF6E230204EDED800100836 /* RoverHQTests.swift in Sources */ = {isa = PBXBuildFile; fileRef = DEF6E22F204EDED800100836 /* RoverHQTests.swift */; };
		DEF6E23B204EDED800100836 /* RoverHQUITests.swift in Sources */ = {isa = PBXBuildFile; fileRef = DEF6E23A204EDED800100836 /* RoverHQUITests.swift */; };
/* End PBXBuildFile section */

/* Begin PBXContainerItemProxy section */
		DEF6E22C204EDED800100836 /* PBXContainerItemProxy */ = {
			isa = PBXContainerItemProxy;
			containerPortal = DEF6E20D204EDED800100836 /* Project object */;
			proxyType = 1;
			remoteGlobalIDString = DEF6E214204EDED800100836;
			remoteInfo = RoverHQ;
		};
		DEF6E237204EDED800100836 /* PBXContainerItemProxy */ = {
			isa = PBXContainerItemProxy;
			containerPortal = DEF6E20D204EDED800100836 /* Project object */;
			proxyType = 1;
			remoteGlobalIDString = DEF6E214204EDED800100836;
			remoteInfo = RoverHQ;
		};
/* End PBXContainerItemProxy section */

/* Begin PBXFileReference section */
		DE91EDB9205942820092A6E2 /* StatsAndMetrics.swift */ = {isa = PBXFileReference; lastKnownFileType = sourcecode.swift; path = StatsAndMetrics.swift; sourceTree = "<group>"; };
		DEF6E215204EDED800100836 /* RoverHQ.app */ = {isa = PBXFileReference; explicitFileType = wrapper.application; includeInIndex = 0; path = RoverHQ.app; sourceTree = BUILT_PRODUCTS_DIR; };
		DEF6E218204EDED800100836 /* AppDelegate.swift */ = {isa = PBXFileReference; lastKnownFileType = sourcecode.swift; path = AppDelegate.swift; sourceTree = "<group>"; };
		DEF6E21A204EDED800100836 /* FirstViewController.swift */ = {isa = PBXFileReference; lastKnownFileType = sourcecode.swift; path = FirstViewController.swift; sourceTree = "<group>"; };
		DEF6E21C204EDED800100836 /* SecondViewController.swift */ = {isa = PBXFileReference; lastKnownFileType = sourcecode.swift; path = SecondViewController.swift; sourceTree = "<group>"; };
		DEF6E21F204EDED800100836 /* Base */ = {isa = PBXFileReference; lastKnownFileType = file.storyboard; name = Base; path = Base.lproj/Main.storyboard; sourceTree = "<group>"; };
		DEF6E221204EDED800100836 /* Assets.xcassets */ = {isa = PBXFileReference; lastKnownFileType = folder.assetcatalog; path = Assets.xcassets; sourceTree = "<group>"; };
		DEF6E224204EDED800100836 /* Base */ = {isa = PBXFileReference; lastKnownFileType = file.storyboard; name = Base; path = Base.lproj/LaunchScreen.storyboard; sourceTree = "<group>"; };
		DEF6E226204EDED800100836 /* Info.plist */ = {isa = PBXFileReference; lastKnownFileType = text.plist.xml; path = Info.plist; sourceTree = "<group>"; };
		DEF6E22B204EDED800100836 /* RoverHQTests.xctest */ = {isa = PBXFileReference; explicitFileType = wrapper.cfbundle; includeInIndex = 0; path = RoverHQTests.xctest; sourceTree = BUILT_PRODUCTS_DIR; };
		DEF6E22F204EDED800100836 /* RoverHQTests.swift */ = {isa = PBXFileReference; lastKnownFileType = sourcecode.swift; path = RoverHQTests.swift; sourceTree = "<group>"; };
		DEF6E231204EDED800100836 /* Info.plist */ = {isa = PBXFileReference; lastKnownFileType = text.plist.xml; path = Info.plist; sourceTree = "<group>"; };
		DEF6E236204EDED800100836 /* RoverHQUITests.xctest */ = {isa = PBXFileReference; explicitFileType = wrapper.cfbundle; includeInIndex = 0; path = RoverHQUITests.xctest; sourceTree = BUILT_PRODUCTS_DIR; };
		DEF6E23A204EDED800100836 /* RoverHQUITests.swift */ = {isa = PBXFileReference; lastKnownFileType = sourcecode.swift; path = RoverHQUITests.swift; sourceTree = "<group>"; };
		DEF6E23C204EDED800100836 /* Info.plist */ = {isa = PBXFileReference; lastKnownFileType = text.plist.xml; path = Info.plist; sourceTree = "<group>"; };
/* End PBXFileReference section */

/* Begin PBXFrameworksBuildPhase section */
		DEF6E212204EDED800100836 /* Frameworks */ = {
			isa = PBXFrameworksBuildPhase;
			buildActionMask = 2147483647;
			files = (
			);
			runOnlyForDeploymentPostprocessing = 0;
		};
		DEF6E228204EDED800100836 /* Frameworks */ = {
			isa = PBXFrameworksBuildPhase;
			buildActionMask = 2147483647;
			files = (
			);
			runOnlyForDeploymentPostprocessing = 0;
		};
		DEF6E233204EDED800100836 /* Frameworks */ = {
			isa = PBXFrameworksBuildPhase;
			buildActionMask = 2147483647;
			files = (
			);
			runOnlyForDeploymentPostprocessing = 0;
		};
/* End PBXFrameworksBuildPhase section */

/* Begin PBXGroup section */
		DEF6E20C204EDED800100836 = {
			isa = PBXGroup;
			children = (
				DEF6E217204EDED800100836 /* RoverHQ */,
				DEF6E22E204EDED800100836 /* RoverHQTests */,
				DEF6E239204EDED800100836 /* RoverHQUITests */,
				DEF6E216204EDED800100836 /* Products */,
			);
			sourceTree = "<group>";
		};
		DEF6E216204EDED800100836 /* Products */ = {
			isa = PBXGroup;
			children = (
				DEF6E215204EDED800100836 /* RoverHQ.app */,
				DEF6E22B204EDED800100836 /* RoverHQTests.xctest */,
				DEF6E236204EDED800100836 /* RoverHQUITests.xctest */,
			);
			name = Products;
			sourceTree = "<group>";
		};
		DEF6E217204EDED800100836 /* RoverHQ */ = {
			isa = PBXGroup;
			children = (
				DEF6E218204EDED800100836 /* AppDelegate.swift */,
				DEF6E21A204EDED800100836 /* FirstViewController.swift */,
				DEF6E21C204EDED800100836 /* SecondViewController.swift */,
				DEF6E21E204EDED800100836 /* Main.storyboard */,
				DEF6E221204EDED800100836 /* Assets.xcassets */,
				DEF6E223204EDED800100836 /* LaunchScreen.storyboard */,
				DEF6E226204EDED800100836 /* Info.plist */,
				DE91EDB9205942820092A6E2 /* StatsAndMetrics.swift */,
			);
			path = RoverHQ;
			sourceTree = "<group>";
		};
		DEF6E22E204EDED800100836 /* RoverHQTests */ = {
			isa = PBXGroup;
			children = (
				DEF6E22F204EDED800100836 /* RoverHQTests.swift */,
				DEF6E231204EDED800100836 /* Info.plist */,
			);
			path = RoverHQTests;
			sourceTree = "<group>";
		};
		DEF6E239204EDED800100836 /* RoverHQUITests */ = {
			isa = PBXGroup;
			children = (
				DEF6E23A204EDED800100836 /* RoverHQUITests.swift */,
				DEF6E23C204EDED800100836 /* Info.plist */,
			);
			path = RoverHQUITests;
			sourceTree = "<group>";
		};
/* End PBXGroup section */

/* Begin PBXNativeTarget section */
		DEF6E214204EDED800100836 /* RoverHQ */ = {
			isa = PBXNativeTarget;
			buildConfigurationList = DEF6E23F204EDED800100836 /* Build configuration list for PBXNativeTarget "RoverHQ" */;
			buildPhases = (
				DEF6E211204EDED800100836 /* Sources */,
				DEF6E212204EDED800100836 /* Frameworks */,
				DEF6E213204EDED800100836 /* Resources */,
			);
			buildRules = (
			);
			dependencies = (
			);
			name = RoverHQ;
			productName = RoverHQ;
			productReference = DEF6E215204EDED800100836 /* RoverHQ.app */;
			productType = "com.apple.product-type.application";
		};
		DEF6E22A204EDED800100836 /* RoverHQTests */ = {
			isa = PBXNativeTarget;
			buildConfigurationList = DEF6E242204EDED800100836 /* Build configuration list for PBXNativeTarget "RoverHQTests" */;
			buildPhases = (
				DEF6E227204EDED800100836 /* Sources */,
				DEF6E228204EDED800100836 /* Frameworks */,
				DEF6E229204EDED800100836 /* Resources */,
			);
			buildRules = (
			);
			dependencies = (
				DEF6E22D204EDED800100836 /* PBXTargetDependency */,
			);
			name = RoverHQTests;
			productName = RoverHQTests;
			productReference = DEF6E22B204EDED800100836 /* RoverHQTests.xctest */;
			productType = "com.apple.product-type.bundle.unit-test";
		};
		DEF6E235204EDED800100836 /* RoverHQUITests */ = {
			isa = PBXNativeTarget;
			buildConfigurationList = DEF6E245204EDED800100836 /* Build configuration list for PBXNativeTarget "RoverHQUITests" */;
			buildPhases = (
				DEF6E232204EDED800100836 /* Sources */,
				DEF6E233204EDED800100836 /* Frameworks */,
				DEF6E234204EDED800100836 /* Resources */,
			);
			buildRules = (
			);
			dependencies = (
				DEF6E238204EDED800100836 /* PBXTargetDependency */,
			);
			name = RoverHQUITests;
			productName = RoverHQUITests;
			productReference = DEF6E236204EDED800100836 /* RoverHQUITests.xctest */;
			productType = "com.apple.product-type.bundle.ui-testing";
		};
/* End PBXNativeTarget section */

/* Begin PBXProject section */
		DEF6E20D204EDED800100836 /* Project object */ = {
			isa = PBXProject;
			attributes = {
				LastSwiftUpdateCheck = 0920;
				LastUpgradeCheck = 0920;
				ORGANIZATIONNAME = "Thaynara Silva";
				TargetAttributes = {
					DEF6E214204EDED800100836 = {
						CreatedOnToolsVersion = 9.2;
						ProvisioningStyle = Automatic;
					};
					DEF6E22A204EDED800100836 = {
						CreatedOnToolsVersion = 9.2;
						ProvisioningStyle = Automatic;
						TestTargetID = DEF6E214204EDED800100836;
					};
					DEF6E235204EDED800100836 = {
						CreatedOnToolsVersion = 9.2;
						ProvisioningStyle = Automatic;
						TestTargetID = DEF6E214204EDED800100836;
					};
				};
			};
			buildConfigurationList = DEF6E210204EDED800100836 /* Build configuration list for PBXProject "RoverHQ" */;
			compatibilityVersion = "Xcode 8.0";
			developmentRegion = en;
			hasScannedForEncodings = 0;
			knownRegions = (
				en,
				Base,
			);
			mainGroup = DEF6E20C204EDED800100836;
			productRefGroup = DEF6E216204EDED800100836 /* Products */;
			projectDirPath = "";
			projectRoot = "";
			targets = (
				DEF6E214204EDED800100836 /* RoverHQ */,
				DEF6E22A204EDED800100836 /* RoverHQTests */,
				DEF6E235204EDED800100836 /* RoverHQUITests */,
			);
		};
/* End PBXProject section */

/* Begin PBXResourcesBuildPhase section */
		DEF6E213204EDED800100836 /* Resources */ = {
			isa = PBXResourcesBuildPhase;
			buildActionMask = 2147483647;
			files = (
				DEF6E225204EDED800100836 /* LaunchScreen.storyboard in Resources */,
				DEF6E222204EDED800100836 /* Assets.xcassets in Resources */,
				DEF6E220204EDED800100836 /* Main.storyboard in Resources */,
			);
			runOnlyForDeploymentPostprocessing = 0;
		};
		DEF6E229204EDED800100836 /* Resources */ = {
			isa = PBXResourcesBuildPhase;
			buildActionMask = 2147483647;
			files = (
			);
			runOnlyForDeploymentPostprocessing = 0;
		};
		DEF6E234204EDED800100836 /* Resources */ = {
			isa = PBXResourcesBuildPhase;
			buildActionMask = 2147483647;
			files = (
			);
			runOnlyForDeploymentPostprocessing = 0;
		};
/* End PBXResourcesBuildPhase section */

/* Begin PBXSourcesBuildPhase section */
		DEF6E211204EDED800100836 /* Sources */ = {
			isa = PBXSourcesBuildPhase;
			buildActionMask = 2147483647;
			files = (
				DEF6E21D204EDED800100836 /* SecondViewController.swift in Sources */,
				DE91EDBA205942820092A6E2 /* StatsAndMetrics.swift in Sources */,
				DEF6E219204EDED800100836 /* AppDelegate.swift in Sources */,
				DEF6E21B204EDED800100836 /* FirstViewController.swift in Sources */,
			);
			runOnlyForDeploymentPostprocessing = 0;
		};
		DEF6E227204EDED800100836 /* Sources */ = {
			isa = PBXSourcesBuildPhase;
			buildActionMask = 2147483647;
			files = (
				DEF6E230204EDED800100836 /* RoverHQTests.swift in Sources */,
			);
			runOnlyForDeploymentPostprocessing = 0;
		};
		DEF6E232204EDED800100836 /* Sources */ = {
			isa = PBXSourcesBuildPhase;
			buildActionMask = 2147483647;
			files = (
				DEF6E23B204EDED800100836 /* RoverHQUITests.swift in Sources */,
			);
			runOnlyForDeploymentPostprocessing = 0;
		};
/* End PBXSourcesBuildPhase section */

/* Begin PBXTargetDependency section */
		DEF6E22D204EDED800100836 /* PBXTargetDependency */ = {
			isa = PBXTargetDependency;
			target = DEF6E214204EDED800100836 /* RoverHQ */;
			targetProxy = DEF6E22C204EDED800100836 /* PBXContainerItemProxy */;
		};
		DEF6E238204EDED800100836 /* PBXTargetDependency */ = {
			isa = PBXTargetDependency;
			target = DEF6E214204EDED800100836 /* RoverHQ */;
			targetProxy = DEF6E237204EDED800100836 /* PBXContainerItemProxy */;
		};
/* End PBXTargetDependency section */

/* Begin PBXVariantGroup section */
		DEF6E21E204EDED800100836 /* Main.storyboard */ = {
			isa = PBXVariantGroup;
			children = (
				DEF6E21F204EDED800100836 /* Base */,
			);
			name = Main.storyboard;
			sourceTree = "<group>";
		};
		DEF6E223204EDED800100836 /* LaunchScreen.storyboard */ = {
			isa = PBXVariantGroup;
			children = (
				DEF6E224204EDED800100836 /* Base */,
			);
			name = LaunchScreen.storyboard;
			sourceTree = "<group>";
		};
/* End PBXVariantGroup section */

/* Begin XCBuildConfiguration section */
		DEF6E23D204EDED800100836 /* Debug */ = {
			isa = XCBuildConfiguration;
			buildSettings = {
				ALWAYS_SEARCH_USER_PATHS = NO;
				CLANG_ANALYZER_NONNULL = YES;
				CLANG_ANALYZER_NUMBER_OBJECT_CONVERSION = YES_AGGRESSIVE;
				CLANG_CXX_LANGUAGE_STANDARD = "gnu++14";
				CLANG_CXX_LIBRARY = "libc++";
				CLANG_ENABLE_MODULES = YES;
				CLANG_ENABLE_OBJC_ARC = YES;
				CLANG_WARN_BLOCK_CAPTURE_AUTORELEASING = YES;
				CLANG_WARN_BOOL_CONVERSION = YES;
				CLANG_WARN_COMMA = YES;
				CLANG_WARN_CONSTANT_CONVERSION = YES;
				CLANG_WARN_DIRECT_OBJC_ISA_USAGE = YES_ERROR;
				CLANG_WARN_DOCUMENTATION_COMMENTS = YES;
				CLANG_WARN_EMPTY_BODY = YES;
				CLANG_WARN_ENUM_CONVERSION = YES;
				CLANG_WARN_INFINITE_RECURSION = YES;
				CLANG_WARN_INT_CONVERSION = YES;
				CLANG_WARN_NON_LITERAL_NULL_CONVERSION = YES;
				CLANG_WARN_OBJC_LITERAL_CONVERSION = YES;
				CLANG_WARN_OBJC_ROOT_CLASS = YES_ERROR;
				CLANG_WARN_RANGE_LOOP_ANALYSIS = YES;
				CLANG_WARN_STRICT_PROTOTYPES = YES;
				CLANG_WARN_SUSPICIOUS_MOVE = YES;
				CLANG_WARN_UNGUARDED_AVAILABILITY = YES_AGGRESSIVE;
				CLANG_WARN_UNREACHABLE_CODE = YES;
				CLANG_WARN__DUPLICATE_METHOD_MATCH = YES;
				CODE_SIGN_IDENTITY = "iPhone Developer";
				COPY_PHASE_STRIP = NO;
				DEBUG_INFORMATION_FORMAT = dwarf;
				ENABLE_STRICT_OBJC_MSGSEND = YES;
				ENABLE_TESTABILITY = YES;
				GCC_C_LANGUAGE_STANDARD = gnu11;
				GCC_DYNAMIC_NO_PIC = NO;
				GCC_NO_COMMON_BLOCKS = YES;
				GCC_OPTIMIZATION_LEVEL = 0;
				GCC_PREPROCESSOR_DEFINITIONS = (
					"DEBUG=1",
					"$(inherited)",
				);
				GCC_WARN_64_TO_32_BIT_CONVERSION = YES;
				GCC_WARN_ABOUT_RETURN_TYPE = YES_ERROR;
				GCC_WARN_UNDECLARED_SELECTOR = YES;
				GCC_WARN_UNINITIALIZED_AUTOS = YES_AGGRESSIVE;
				GCC_WARN_UNUSED_FUNCTION = YES;
				GCC_WARN_UNUSED_VARIABLE = YES;
				IPHONEOS_DEPLOYMENT_TARGET = 11.2;
				MTL_ENABLE_DEBUG_INFO = YES;
				ONLY_ACTIVE_ARCH = YES;
				SDKROOT = iphoneos;
				SWIFT_ACTIVE_COMPILATION_CONDITIONS = DEBUG;
				SWIFT_OPTIMIZATION_LEVEL = "-Onone";
			};
			name = Debug;
		};
		DEF6E23E204EDED800100836 /* Release */ = {
			isa = XCBuildConfiguration;
			buildSettings = {
				ALWAYS_SEARCH_USER_PATHS = NO;
				CLANG_ANALYZER_NONNULL = YES;
				CLANG_ANALYZER_NUMBER_OBJECT_CONVERSION = YES_AGGRESSIVE;
				CLANG_CXX_LANGUAGE_STANDARD = "gnu++14";
				CLANG_CXX_LIBRARY = "libc++";
				CLANG_ENABLE_MODULES = YES;
				CLANG_ENABLE_OBJC_ARC = YES;
				CLANG_WARN_BLOCK_CAPTURE_AUTORELEASING = YES;
				CLANG_WARN_BOOL_CONVERSION = YES;
				CLANG_WARN_COMMA = YES;
				CLANG_WARN_CONSTANT_CONVERSION = YES;
				CLANG_WARN_DIRECT_OBJC_ISA_USAGE = YES_ERROR;
				CLANG_WARN_DOCUMENTATION_COMMENTS = YES;
				CLANG_WARN_EMPTY_BODY = YES;
				CLANG_WARN_ENUM_CONVERSION = YES;
				CLANG_WARN_INFINITE_RECURSION = YES;
				CLANG_WARN_INT_CONVERSION = YES;
				CLANG_WARN_NON_LITERAL_NULL_CONVERSION = YES;
				CLANG_WARN_OBJC_LITERAL_CONVERSION = YES;
				CLANG_WARN_OBJC_ROOT_CLASS = YES_ERROR;
				CLANG_WARN_RANGE_LOOP_ANALYSIS = YES;
				CLANG_WARN_STRICT_PROTOTYPES = YES;
				CLANG_WARN_SUSPICIOUS_MOVE = YES;
				CLANG_WARN_UNGUARDED_AVAILABILITY = YES_AGGRESSIVE;
				CLANG_WARN_UNREACHABLE_CODE = YES;
				CLANG_WARN__DUPLICATE_METHOD_MATCH = YES;
				CODE_SIGN_IDENTITY = "iPhone Developer";
				COPY_PHASE_STRIP = NO;
				DEBUG_INFORMATION_FORMAT = "dwarf-with-dsym";
				ENABLE_NS_ASSERTIONS = NO;
				ENABLE_STRICT_OBJC_MSGSEND = YES;
				GCC_C_LANGUAGE_STANDARD = gnu11;
				GCC_NO_COMMON_BLOCKS = YES;
				GCC_WARN_64_TO_32_BIT_CONVERSION = YES;
				GCC_WARN_ABOUT_RETURN_TYPE = YES_ERROR;
				GCC_WARN_UNDECLARED_SELECTOR = YES;
				GCC_WARN_UNINITIALIZED_AUTOS = YES_AGGRESSIVE;
				GCC_WARN_UNUSED_FUNCTION = YES;
				GCC_WARN_UNUSED_VARIABLE = YES;
				IPHONEOS_DEPLOYMENT_TARGET = 11.2;
				MTL_ENABLE_DEBUG_INFO = NO;
				SDKROOT = iphoneos;
				SWIFT_OPTIMIZATION_LEVEL = "-Owholemodule";
				VALIDATE_PRODUCT = YES;
			};
			name = Release;
		};
		DEF6E240204EDED800100836 /* Debug */ = {
			isa = XCBuildConfiguration;
			buildSettings = {
				ASSETCATALOG_COMPILER_APPICON_NAME = AppIcon;
				CODE_SIGN_STYLE = Automatic;
				DEVELOPMENT_TEAM = GK4GB9Y79G;
				INFOPLIST_FILE = RoverHQ/Info.plist;
				LD_RUNPATH_SEARCH_PATHS = "$(inherited) @executable_path/Frameworks";
				PRODUCT_BUNDLE_IDENTIFIER = thaySilva.RoverHQ;
				PRODUCT_NAME = "$(TARGET_NAME)";
				SWIFT_VERSION = 4.0;
				TARGETED_DEVICE_FAMILY = "1,2";
			};
			name = Debug;
		};
		DEF6E241204EDED800100836 /* Release */ = {
			isa = XCBuildConfiguration;
			buildSettings = {
				ASSETCATALOG_COMPILER_APPICON_NAME = AppIcon;
				CODE_SIGN_STYLE = Automatic;
				DEVELOPMENT_TEAM = GK4GB9Y79G;
				INFOPLIST_FILE = RoverHQ/Info.plist;
				LD_RUNPATH_SEARCH_PATHS = "$(inherited) @executable_path/Frameworks";
				PRODUCT_BUNDLE_IDENTIFIER = thaySilva.RoverHQ;
				PRODUCT_NAME = "$(TARGET_NAME)";
				SWIFT_VERSION = 4.0;
				TARGETED_DEVICE_FAMILY = "1,2";
			};
			name = Release;
		};
		DEF6E243204EDED800100836 /* Debug */ = {
			isa = XCBuildConfiguration;
			buildSettings = {
				ALWAYS_EMBED_SWIFT_STANDARD_LIBRARIES = YES;
				BUNDLE_LOADER = "$(TEST_HOST)";
				CODE_SIGN_STYLE = Automatic;
				DEVELOPMENT_TEAM = GK4GB9Y79G;
				INFOPLIST_FILE = RoverHQTests/Info.plist;
				LD_RUNPATH_SEARCH_PATHS = "$(inherited) @executable_path/Frameworks @loader_path/Frameworks";
				PRODUCT_BUNDLE_IDENTIFIER = thaySilva.RoverHQTests;
				PRODUCT_NAME = "$(TARGET_NAME)";
				SWIFT_VERSION = 4.0;
				TARGETED_DEVICE_FAMILY = "1,2";
				TEST_HOST = "$(BUILT_PRODUCTS_DIR)/RoverHQ.app/RoverHQ";
			};
			name = Debug;
		};
		DEF6E244204EDED800100836 /* Release */ = {
			isa = XCBuildConfiguration;
			buildSettings = {
				ALWAYS_EMBED_SWIFT_STANDARD_LIBRARIES = YES;
				BUNDLE_LOADER = "$(TEST_HOST)";
				CODE_SIGN_STYLE = Automatic;
				DEVELOPMENT_TEAM = GK4GB9Y79G;
				INFOPLIST_FILE = RoverHQTests/Info.plist;
				LD_RUNPATH_SEARCH_PATHS = "$(inherited) @executable_path/Frameworks @loader_path/Frameworks";
				PRODUCT_BUNDLE_IDENTIFIER = thaySilva.RoverHQTests;
				PRODUCT_NAME = "$(TARGET_NAME)";
				SWIFT_VERSION = 4.0;
				TARGETED_DEVICE_FAMILY = "1,2";
				TEST_HOST = "$(BUILT_PRODUCTS_DIR)/RoverHQ.app/RoverHQ";
			};
			name = Release;
		};
		DEF6E246204EDED800100836 /* Debug */ = {
			isa = XCBuildConfiguration;
			buildSettings = {
				ALWAYS_EMBED_SWIFT_STANDARD_LIBRARIES = YES;
				CODE_SIGN_STYLE = Automatic;
				DEVELOPMENT_TEAM = GK4GB9Y79G;
				INFOPLIST_FILE = RoverHQUITests/Info.plist;
				LD_RUNPATH_SEARCH_PATHS = "$(inherited) @executable_path/Frameworks @loader_path/Frameworks";
				PRODUCT_BUNDLE_IDENTIFIER = thaySilva.RoverHQUITests;
				PRODUCT_NAME = "$(TARGET_NAME)";
				SWIFT_VERSION = 4.0;
				TARGETED_DEVICE_FAMILY = "1,2";
				TEST_TARGET_NAME = RoverHQ;
			};
			name = Debug;
		};
		DEF6E247204EDED800100836 /* Release */ = {
			isa = XCBuildConfiguration;
			buildSettings = {
				ALWAYS_EMBED_SWIFT_STANDARD_LIBRARIES = YES;
				CODE_SIGN_STYLE = Automatic;
				DEVELOPMENT_TEAM = GK4GB9Y79G;
				INFOPLIST_FILE = RoverHQUITests/Info.plist;
				LD_RUNPATH_SEARCH_PATHS = "$(inherited) @executable_path/Frameworks @loader_path/Frameworks";
				PRODUCT_BUNDLE_IDENTIFIER = thaySilva.RoverHQUITests;
				PRODUCT_NAME = "$(TARGET_NAME)";
				SWIFT_VERSION = 4.0;
				TARGETED_DEVICE_FAMILY = "1,2";
				TEST_TARGET_NAME = RoverHQ;
			};
			name = Release;
		};
/* End XCBuildConfiguration section */

/* Begin XCConfigurationList section */
		DEF6E210204EDED800100836 /* Build configuration list for PBXProject "RoverHQ" */ = {
			isa = XCConfigurationList;
			buildConfigurations = (
				DEF6E23D204EDED800100836 /* Debug */,
				DEF6E23E204EDED800100836 /* Release */,
			);
			defaultConfigurationIsVisible = 0;
			defaultConfigurationName = Release;
		};
		DEF6E23F204EDED800100836 /* Build configuration list for PBXNativeTarget "RoverHQ" */ = {
			isa = XCConfigurationList;
			buildConfigurations = (
				DEF6E240204EDED800100836 /* Debug */,
				DEF6E241204EDED800100836 /* Release */,
			);
			defaultConfigurationIsVisible = 0;
			defaultConfigurationName = Release;
		};
		DEF6E242204EDED800100836 /* Build configuration list for PBXNativeTarget "RoverHQTests" */ = {
			isa = XCConfigurationList;
			buildConfigurations = (
				DEF6E243204EDED800100836 /* Debug */,
				DEF6E244204EDED800100836 /* Release */,
			);
			defaultConfigurationIsVisible = 0;
			defaultConfigurationName = Release;
		};
		DEF6E245204EDED800100836 /* Build configuration list for PBXNativeTarget "RoverHQUITests" */ = {
			isa = XCConfigurationList;
			buildConfigurations = (
				DEF6E246204EDED800100836 /* Debug */,
				DEF6E247204EDED800100836 /* Release */,
			);
			defaultConfigurationIsVisible = 0;
			defaultConfigurationName = Release;
		};
/* End XCConfigurationList section */
	};
	rootObject = DEF6E20D204EDED800100836 /* Project object */;
}
